Microsoft Visual Studio Solution File, Format Version 12.00
# Visual Studio Version 17
VisualStudioVersion = 17.5.2.0
MinimumVisualStudioVersion = 10.0.40219.1
Project("{FAE04EC0-301F-11D3-BF4B-00C04F79EFBC}") = "UnitaryTestExample", "UnitaryTestExample\UnitaryTestExample.csproj", "{348C231C-D9C1-1ED2-577D-955A64A478BC}"
EndProject
Project("{FAE04EC0-301F-11D3-BF4B-00C04F79EFBC}") = "UnitaryTestExample.Tests", "UnitaryTestExample.Tests\UnitaryTestExample.Tests.csproj", "{5DD6EFE1-B1FE-925B-49C2-96972C2297FD}"
EndProject
Global
	GlobalSection(SolutionConfigurationPlatforms) = preSolution
		Debug|Any CPU = Debug|Any CPU
		Release|Any CPU = Release|Any CPU
	EndGlobalSection
	GlobalSection(ProjectConfigurationPlatforms) = postSolution
		{348C231C-D9C1-1ED2-577D-955A64A478BC}.Debug|Any CPU.ActiveCfg = Debug|Any CPU
		{348C231C-D9C1-1ED2-577D-955A64A478BC}.Debug|Any CPU.Build.0 = Debug|Any CPU
		{348C231C-D9C1-1ED2-577D-955A64A478BC}.Release|Any CPU.ActiveCfg = Release|Any CPU
		{348C231C-D9C1-1ED2-577D-955A64A478BC}.Release|Any CPU.Build.0 = Release|Any CPU
		{5DD6EFE1-B1FE-925B-49C2-96972C2297FD}.Debug|Any CPU.ActiveCfg = Debug|Any CPU
		{5DD6EFE1-B1FE-925B-49C2-96972C2297FD}.Debug|Any CPU.Build.0 = Debug|Any CPU
		{5DD6EFE1-B1FE-925B-49C2-96972C2297FD}.Release|Any CPU.ActiveCfg = Release|Any CPU
		{5DD6EFE1-B1FE-925B-49C2-96972C2297FD}.Release|Any CPU.Build.0 = Release|Any CPU
	EndGlobalSection
	GlobalSection(SolutionProperties) = preSolution
		HideSolutionNode = FALSE
	EndGlobalSection
	GlobalSection(ExtensibilityGlobals) = postSolution
		SolutionGuid = {278C1C77-34F2-4DE9-8E85-FE14A3155035}
	EndGlobalSection
EndGlobal
